
Microsoft Visual Studio Solution File, Format Version 12.00
# Visual Studio Version 17
VisualStudioVersion = 17.4.33213.308
MinimumVisualStudioVersion = 10.0.40219.1
Project("{9A19103F-16F7-4668-BE54-9A1E7A4F7556}") = "Portfolio.Shared", "Portfolio.Shared\Portfolio.Shared.csproj", "{078D0EC4-69E0-41CD-9042-CB58C4B657BB}"
EndProject
Project("{9A19103F-16F7-4668-BE54-9A1E7A4F7556}") = "Portfolio.UI", "Portfolio.UI\Portfolio.UI.csproj", "{DCB6F959-C204-47FC-89AF-F5B5ECAFF3DB}"
EndProject
Global
	GlobalSection(SolutionConfigurationPlatforms) = preSolution
		Debug|Any CPU = Debug|Any CPU
		Release|Any CPU = Release|Any CPU
	EndGlobalSection
	GlobalSection(ProjectConfigurationPlatforms) = postSolution
		{078D0EC4-69E0-41CD-9042-CB58C4B657BB}.Debug|Any CPU.ActiveCfg = Debug|Any CPU
		{078D0EC4-69E0-41CD-9042-CB58C4B657BB}.Debug|Any CPU.Build.0 = Debug|Any CPU
		{078D0EC4-69E0-41CD-9042-CB58C4B657BB}.Release|Any CPU.ActiveCfg = Release|Any CPU
		{078D0EC4-69E0-41CD-9042-CB58C4B657BB}.Release|Any CPU.Build.0 = Release|Any CPU
		{DCB6F959-C204-47FC-89AF-F5B5ECAFF3DB}.Debug|Any CPU.ActiveCfg = Debug|Any CPU
		{DCB6F959-C204-47FC-89AF-F5B5ECAFF3DB}.Debug|Any CPU.Build.0 = Debug|Any CPU
		{DCB6F959-C204-47FC-89AF-F5B5ECAFF3DB}.Release|Any CPU.ActiveCfg = Release|Any CPU
		{DCB6F959-C204-47FC-89AF-F5B5ECAFF3DB}.Release|Any CPU.Build.0 = Release|Any CPU
	EndGlobalSection
	GlobalSection(SolutionProperties) = preSolution
		HideSolutionNode = FALSE
	EndGlobalSection
	GlobalSection(ExtensibilityGlobals) = postSolution
		SolutionGuid = {531DDC9A-595B-4AD9-BD9B-962C43637679}
	EndGlobalSection
EndGlobal
